
Microsoft Visual Studio Solution File, Format Version 12.00
# Visual Studio 15
Project("{FAE04EC0-301F-11D3-BF4B-00C04F79EFBC}") = "Tests", "Tests.csproj", "{0FC0E4C7-5280-D684-C4F4-000FCB7DAB04}"
EndProject
Project("{FAE04EC0-301F-11D3-BF4B-00C04F79EFBC}") = "TacticalThieves", "TacticalThieves.csproj", "{FD2207EB-6F3B-B446-4BAF-66EE6C35C4B8}"
EndProject
Global
	GlobalSection(SolutionConfigurationPlatforms) = preSolution
		Debug|Any CPU = Debug|Any CPU
		Release|Any CPU = Release|Any CPU
	EndGlobalSection
	GlobalSection(ProjectConfigurationPlatforms) = postSolution
		{0FC0E4C7-5280-D684-C4F4-000FCB7DAB04}.Debug|Any CPU.ActiveCfg = Debug|Any CPU
		{0FC0E4C7-5280-D684-C4F4-000FCB7DAB04}.Debug|Any CPU.Build.0 = Debug|Any CPU
		{0FC0E4C7-5280-D684-C4F4-000FCB7DAB04}.Release|Any CPU.ActiveCfg = Release|Any CPU
		{0FC0E4C7-5280-D684-C4F4-000FCB7DAB04}.Release|Any CPU.Build.0 = Release|Any CPU
		{FD2207EB-6F3B-B446-4BAF-66EE6C35C4B8}.Debug|Any CPU.ActiveCfg = Debug|Any CPU
		{FD2207EB-6F3B-B446-4BAF-66EE6C35C4B8}.Debug|Any CPU.Build.0 = Debug|Any CPU
		{FD2207EB-6F3B-B446-4BAF-66EE6C35C4B8}.Release|Any CPU.ActiveCfg = Release|Any CPU
		{FD2207EB-6F3B-B446-4BAF-66EE6C35C4B8}.Release|Any CPU.Build.0 = Release|Any CPU
	EndGlobalSection
	GlobalSection(SolutionProperties) = preSolution
		HideSolutionNode = FALSE
	EndGlobalSection
EndGlobal
