
Microsoft Visual Studio Solution File, Format Version 12.00
# Visual Studio 15
Project("{FAE04EC0-301F-11D3-BF4B-00C04F79EFBC}") = "TacticalThieves", "TacticalThieves.csproj", "{FD2207EB-6F3B-B446-4BAF-66EE6C35C4B8}"
EndProject
Project("{FAE04EC0-301F-11D3-BF4B-00C04F79EFBC}") = "Tests", "Tests.csproj", "{0FC0E4C7-5280-D684-C4F4-000FCB7DAB04}"
EndProject
Project("{FAE04EC0-301F-11D3-BF4B-00C04F79EFBC}") = "Assembly-CSharp", "Assembly-CSharp.csproj", "{11FE66DB-F326-4E5A-23EE-D4E67DE03803}"
EndProject
Project("{FAE04EC0-301F-11D3-BF4B-00C04F79EFBC}") = "Assembly-CSharp-firstpass", "Assembly-CSharp-firstpass.csproj", "{A82B0235-E8D3-A257-5B34-27F804884860}"
EndProject
Project("{FAE04EC0-301F-11D3-BF4B-00C04F79EFBC}") = "Assembly-CSharp-Editor", "Assembly-CSharp-Editor.csproj", "{37DEAC0C-5607-219E-E73F-0FAE20947300}"
EndProject
Global
	GlobalSection(SolutionConfigurationPlatforms) = preSolution
		Debug|Any CPU = Debug|Any CPU
		Release|Any CPU = Release|Any CPU
	EndGlobalSection
	GlobalSection(ProjectConfigurationPlatforms) = postSolution
		{FD2207EB-6F3B-B446-4BAF-66EE6C35C4B8}.Debug|Any CPU.ActiveCfg = Debug|Any CPU
		{FD2207EB-6F3B-B446-4BAF-66EE6C35C4B8}.Debug|Any CPU.Build.0 = Debug|Any CPU
		{FD2207EB-6F3B-B446-4BAF-66EE6C35C4B8}.Release|Any CPU.ActiveCfg = Release|Any CPU
		{FD2207EB-6F3B-B446-4BAF-66EE6C35C4B8}.Release|Any CPU.Build.0 = Release|Any CPU
		{0FC0E4C7-5280-D684-C4F4-000FCB7DAB04}.Debug|Any CPU.ActiveCfg = Debug|Any CPU
		{0FC0E4C7-5280-D684-C4F4-000FCB7DAB04}.Debug|Any CPU.Build.0 = Debug|Any CPU
		{0FC0E4C7-5280-D684-C4F4-000FCB7DAB04}.Release|Any CPU.ActiveCfg = Release|Any CPU
		{0FC0E4C7-5280-D684-C4F4-000FCB7DAB04}.Release|Any CPU.Build.0 = Release|Any CPU
		{11FE66DB-F326-4E5A-23EE-D4E67DE03803}.Debug|Any CPU.ActiveCfg = Debug|Any CPU
		{11FE66DB-F326-4E5A-23EE-D4E67DE03803}.Debug|Any CPU.Build.0 = Debug|Any CPU
		{11FE66DB-F326-4E5A-23EE-D4E67DE03803}.Release|Any CPU.ActiveCfg = Release|Any CPU
		{11FE66DB-F326-4E5A-23EE-D4E67DE03803}.Release|Any CPU.Build.0 = Release|Any CPU
		{A82B0235-E8D3-A257-5B34-27F804884860}.Debug|Any CPU.ActiveCfg = Debug|Any CPU
		{A82B0235-E8D3-A257-5B34-27F804884860}.Debug|Any CPU.Build.0 = Debug|Any CPU
		{A82B0235-E8D3-A257-5B34-27F804884860}.Release|Any CPU.ActiveCfg = Release|Any CPU
		{A82B0235-E8D3-A257-5B34-27F804884860}.Release|Any CPU.Build.0 = Release|Any CPU
		{37DEAC0C-5607-219E-E73F-0FAE20947300}.Debug|Any CPU.ActiveCfg = Debug|Any CPU
		{37DEAC0C-5607-219E-E73F-0FAE20947300}.Debug|Any CPU.Build.0 = Debug|Any CPU
		{37DEAC0C-5607-219E-E73F-0FAE20947300}.Release|Any CPU.ActiveCfg = Release|Any CPU
		{37DEAC0C-5607-219E-E73F-0FAE20947300}.Release|Any CPU.Build.0 = Release|Any CPU
	EndGlobalSection
	GlobalSection(SolutionProperties) = preSolution
		HideSolutionNode = FALSE
	EndGlobalSection
EndGlobal
