
Microsoft Visual Studio Solution File, Format Version 12.00
# Visual Studio Version 17
VisualStudioVersion = 17.14.36203.30 d17.14
MinimumVisualStudioVersion = 10.0.40219.1
Project("{FAE04EC0-301F-11D3-BF4B-00C04F79EFBC}") = "TacticalThievesServer", "TacticalThievesServer.csproj", "{1F7D3218-8D4B-418E-98E3-034C325A3D35}"
EndProject
Global
	GlobalSection(SolutionConfigurationPlatforms) = preSolution
		Debug|Any CPU = Debug|Any CPU
		Release|Any CPU = Release|Any CPU
	EndGlobalSection
	GlobalSection(ProjectConfigurationPlatforms) = postSolution
		{1F7D3218-8D4B-418E-98E3-034C325A3D35}.Debug|Any CPU.ActiveCfg = Debug|Any CPU
		{1F7D3218-8D4B-418E-98E3-034C325A3D35}.Debug|Any CPU.Build.0 = Debug|Any CPU
		{1F7D3218-8D4B-418E-98E3-034C325A3D35}.Release|Any CPU.ActiveCfg = Release|Any CPU
		{1F7D3218-8D4B-418E-98E3-034C325A3D35}.Release|Any CPU.Build.0 = Release|Any CPU
	EndGlobalSection
	GlobalSection(SolutionProperties) = preSolution
		HideSolutionNode = FALSE
	EndGlobalSection
	GlobalSection(ExtensibilityGlobals) = postSolution
		SolutionGuid = {6329565D-E5A3-43C7-88D4-BA2D29678BD9}
	EndGlobalSection
EndGlobal
